
Microsoft Visual Studio Solution File, Format Version 12.00
# Visual Studio Version 17
VisualStudioVersion = 17.9.34728.123
MinimumVisualStudioVersion = 10.0.40219.1
Project("{FAE04EC0-301F-11D3-BF4B-00C04F79EFBC}") = "Dotnet-OOPS-Concepts", "Dotnet-OOPS-Concepts\Dotnet-OOPS-Concepts.csproj", "{3C2EC89F-0067-4167-A5F5-B6B2244AFB23}"
EndProject
Global
	GlobalSection(SolutionConfigurationPlatforms) = preSolution
		Debug|Any CPU = Debug|Any CPU
		Release|Any CPU = Release|Any CPU
	EndGlobalSection
	GlobalSection(ProjectConfigurationPlatforms) = postSolution
		{3C2EC89F-0067-4167-A5F5-B6B2244AFB23}.Debug|Any CPU.ActiveCfg = Debug|Any CPU
		{3C2EC89F-0067-4167-A5F5-B6B2244AFB23}.Debug|Any CPU.Build.0 = Debug|Any CPU
		{3C2EC89F-0067-4167-A5F5-B6B2244AFB23}.Release|Any CPU.ActiveCfg = Release|Any CPU
		{3C2EC89F-0067-4167-A5F5-B6B2244AFB23}.Release|Any CPU.Build.0 = Release|Any CPU
	EndGlobalSection
	GlobalSection(SolutionProperties) = preSolution
		HideSolutionNode = FALSE
	EndGlobalSection
	GlobalSection(ExtensibilityGlobals) = postSolution
		SolutionGuid = {631EAC41-BBB9-416F-8B87-DA8E0F3D2606}
	EndGlobalSection
EndGlobal
